// !$*UTF8*$!
{
	archiveVersion = 1;
	classes = {
	};
	objectVersion = 45;
	objects = {

/* Begin PBXBuildFile section */
		2F052F081027737000FCCD01 /* VoodooWirelessFamily.h in Headers */ = {isa = PBXBuildFile; fileRef = 2F03D7DA0FE563CC003B961E /* VoodooWirelessFamily.h */; settings = {ATTRIBUTES = (Public, ); }; };
		2F052F091027737E00FCCD01 /* VoodooWirelessDevice.h in Headers */ = {isa = PBXBuildFile; fileRef = 2F241B110FE251E20066F582 /* VoodooWirelessDevice.h */; settings = {ATTRIBUTES = (Public, ); }; };
		2F052F0A1027737E00FCCD01 /* VoodooWirelessDevice_Types.h in Headers */ = {isa = PBXBuildFile; fileRef = 2F39E68C0FE804B500051839 /* VoodooWirelessDevice_Types.h */; settings = {ATTRIBUTES = (Public, ); }; };
		2F052F0B1027737E00FCCD01 /* VoodooIEEE80211.h in Headers */ = {isa = PBXBuildFile; fileRef = 2F03D70D0FE5213E003B961E /* VoodooIEEE80211.h */; settings = {ATTRIBUTES = (Public, ); }; };
		2F052F0C1027737E00FCCD01 /* VoodooIEEE80211_Types.h in Headers */ = {isa = PBXBuildFile; fileRef = 2F39E5270FE7CEC500051839 /* VoodooIEEE80211_Types.h */; settings = {ATTRIBUTES = (Public, ); }; };
		2F052F0D1027738500FCCD01 /* VoodooWirelessCipher.h in Headers */ = {isa = PBXBuildFile; fileRef = 2F5422C51003195700DBCDF0 /* VoodooWirelessCipher.h */; settings = {ATTRIBUTES = (Public, ); }; };
		2F052FF5102845A100FCCD01 /* VoodooWirelessCommand.cpp in Sources */ = {isa = PBXBuildFile; fileRef = 2F052FF4102845A100FCCD01 /* VoodooWirelessCommand.cpp */; };
		2F06F19C101F2A7300B4D15F /* VoodooWirelessCommand.h in Headers */ = {isa = PBXBuildFile; fileRef = 2F06F19A101F2A7300B4D15F /* VoodooWirelessCommand.h */; };
		2F241B130FE251E20066F582 /* VoodooWirelessDevice.h in Headers */ = {isa = PBXBuildFile; fileRef = 2F241B110FE251E20066F582 /* VoodooWirelessDevice.h */; };
		2F241B140FE251E20066F582 /* VoodooWirelessDevice.cpp in Sources */ = {isa = PBXBuildFile; fileRef = 2F241B120FE251E20066F582 /* VoodooWirelessDevice.cpp */; };
		2F5422B31003174E00DBCDF0 /* VoodooWirelessCipher_WEP.cpp in Sources */ = {isa = PBXBuildFile; fileRef = 2F5422B21003174E00DBCDF0 /* VoodooWirelessCipher_WEP.cpp */; };
		2F5422C71003196C00DBCDF0 /* VoodooWirelessCipher.cpp in Sources */ = {isa = PBXBuildFile; fileRef = 2F5422C61003196C00DBCDF0 /* VoodooWirelessCipher.cpp */; };
		2FDA7F5A101DAA1300DD932C /* VoodooIEEE80211.h in Headers */ = {isa = PBXBuildFile; fileRef = 2F03D70D0FE5213E003B961E /* VoodooIEEE80211.h */; };
		2FDA7F5B101DAA1800DD932C /* VoodooIEEE80211.cpp in Sources */ = {isa = PBXBuildFile; fileRef = 2F03D70E0FE5213E003B961E /* VoodooIEEE80211.cpp */; };
		2FDA7F5C101DAA1D00DD932C /* VoodooIEEE80211_Types.h in Headers */ = {isa = PBXBuildFile; fileRef = 2F39E5270FE7CEC500051839 /* VoodooIEEE80211_Types.h */; };
		2FF0881110043A30006BE48B /* VoodooWirelessCipher_WEP.kext in CopyFiles */ = {isa = PBXBuildFile; fileRef = 2F5422AB100316B500DBCDF0 /* VoodooWirelessCipher_WEP.kext */; };
		32D94FC80562CBF700B6AF17 /* InfoPlist.strings in Resources */ = {isa = PBXBuildFile; fileRef = 089C167DFE841241C02AAC07 /* InfoPlist.strings */; };
/* End PBXBuildFile section */

/* Begin PBXCopyFilesBuildPhase section */
		2FF0881610043A4B006BE48B /* CopyFiles */ = {
			isa = PBXCopyFilesBuildPhase;
			buildActionMask = 2147483647;
			dstPath = "";
			dstSubfolderSpec = 13;
			files = (
				2FF0881110043A30006BE48B /* VoodooWirelessCipher_WEP.kext in CopyFiles */,
			);
			runOnlyForDeploymentPostprocessing = 0;
		};
/* End PBXCopyFilesBuildPhase section */

/* Begin PBXFileReference section */
		089C167EFE841241C02AAC07 /* English */ = {isa = PBXFileReference; fileEncoding = 10; lastKnownFileType = text.plist.strings; name = English; path = English.lproj/InfoPlist.strings; sourceTree = "<group>"; };
		2F03D70D0FE5213E003B961E /* VoodooIEEE80211.h */ = {isa = PBXFileReference; fileEncoding = 4; lastKnownFileType = sourcecode.c.h; path = VoodooIEEE80211.h; sourceTree = "<group>"; };
		2F03D70E0FE5213E003B961E /* VoodooIEEE80211.cpp */ = {isa = PBXFileReference; fileEncoding = 4; lastKnownFileType = sourcecode.cpp.cpp; path = VoodooIEEE80211.cpp; sourceTree = "<group>"; };
		2F03D7DA0FE563CC003B961E /* VoodooWirelessFamily.h */ = {isa = PBXFileReference; fileEncoding = 4; lastKnownFileType = sourcecode.c.h; path = VoodooWirelessFamily.h; sourceTree = "<group>"; };
		2F052AF8102772C100FCCD01 /* VoodooWireless.framework */ = {isa = PBXFileReference; explicitFileType = wrapper.framework; includeInIndex = 0; path = VoodooWireless.framework; sourceTree = BUILT_PRODUCTS_DIR; };
		2F052AF9102772C100FCCD01 /* VoodooWirelessFramework-Info.plist */ = {isa = PBXFileReference; lastKnownFileType = text.plist.xml; path = "VoodooWirelessFramework-Info.plist"; sourceTree = "<group>"; };
		2F052FF4102845A100FCCD01 /* VoodooWirelessCommand.cpp */ = {isa = PBXFileReference; fileEncoding = 4; lastKnownFileType = sourcecode.cpp.cpp; path = VoodooWirelessCommand.cpp; sourceTree = "<group>"; };
		2F06F19A101F2A7300B4D15F /* VoodooWirelessCommand.h */ = {isa = PBXFileReference; fileEncoding = 4; lastKnownFileType = sourcecode.c.h; path = VoodooWirelessCommand.h; sourceTree = "<group>"; };
		2F241B110FE251E20066F582 /* VoodooWirelessDevice.h */ = {isa = PBXFileReference; fileEncoding = 4; lastKnownFileType = sourcecode.c.h; path = VoodooWirelessDevice.h; sourceTree = "<group>"; };
		2F241B120FE251E20066F582 /* VoodooWirelessDevice.cpp */ = {isa = PBXFileReference; fileEncoding = 4; lastKnownFileType = sourcecode.cpp.cpp; path = VoodooWirelessDevice.cpp; sourceTree = "<group>"; };
		2F39E5270FE7CEC500051839 /* VoodooIEEE80211_Types.h */ = {isa = PBXFileReference; fileEncoding = 4; lastKnownFileType = sourcecode.c.h; path = VoodooIEEE80211_Types.h; sourceTree = "<group>"; };
		2F39E68C0FE804B500051839 /* VoodooWirelessDevice_Types.h */ = {isa = PBXFileReference; fileEncoding = 4; lastKnownFileType = sourcecode.c.h; path = VoodooWirelessDevice_Types.h; sourceTree = "<group>"; };
		2F5422AB100316B500DBCDF0 /* VoodooWirelessCipher_WEP.kext */ = {isa = PBXFileReference; explicitFileType = wrapper.cfbundle; includeInIndex = 0; path = VoodooWirelessCipher_WEP.kext; sourceTree = BUILT_PRODUCTS_DIR; };
		2F5422AC100316B500DBCDF0 /* VoodooWirelessCipher_WEP-Info.plist */ = {isa = PBXFileReference; lastKnownFileType = text.plist.xml; path = "VoodooWirelessCipher_WEP-Info.plist"; sourceTree = "<group>"; };
		2F5422B11003174E00DBCDF0 /* VoodooWirelessCipher_WEP.h */ = {isa = PBXFileReference; fileEncoding = 4; lastKnownFileType = sourcecode.c.h; path = VoodooWirelessCipher_WEP.h; sourceTree = "<group>"; };
		2F5422B21003174E00DBCDF0 /* VoodooWirelessCipher_WEP.cpp */ = {isa = PBXFileReference; fileEncoding = 4; lastKnownFileType = sourcecode.cpp.cpp; path = VoodooWirelessCipher_WEP.cpp; sourceTree = "<group>"; };
		2F5422C0100318DB00DBCDF0 /* VoodooWirelessCipher.kext */ = {isa = PBXFileReference; explicitFileType = wrapper.cfbundle; includeInIndex = 0; path = VoodooWirelessCipher.kext; sourceTree = BUILT_PRODUCTS_DIR; };
		2F5422C1100318DB00DBCDF0 /* VoodooWirelessCipher-Info.plist */ = {isa = PBXFileReference; lastKnownFileType = text.plist.xml; path = "VoodooWirelessCipher-Info.plist"; sourceTree = "<group>"; };
		2F5422C51003195700DBCDF0 /* VoodooWirelessCipher.h */ = {isa = PBXFileReference; fileEncoding = 4; lastKnownFileType = sourcecode.c.h; path = VoodooWirelessCipher.h; sourceTree = "<group>"; };
		2F5422C61003196C00DBCDF0 /* VoodooWirelessCipher.cpp */ = {isa = PBXFileReference; fileEncoding = 4; lastKnownFileType = sourcecode.cpp.cpp; path = VoodooWirelessCipher.cpp; sourceTree = "<group>"; };
		32D94FCF0562CBF700B6AF17 /* Info.plist */ = {isa = PBXFileReference; lastKnownFileType = text.plist.xml; path = Info.plist; sourceTree = "<group>"; };
		32D94FD00562CBF700B6AF17 /* VoodooWireless.kext */ = {isa = PBXFileReference; explicitFileType = wrapper.cfbundle; includeInIndex = 0; path = VoodooWireless.kext; sourceTree = BUILT_PRODUCTS_DIR; };
		8DA8362C06AD9B9200E5AC22 /* Kernel.framework */ = {isa = PBXFileReference; lastKnownFileType = wrapper.framework; name = Kernel.framework; path = /System/Library/Frameworks/Kernel.framework; sourceTree = "<absolute>"; };
/* End PBXFileReference section */

/* Begin PBXFrameworksBuildPhase section */
		2F052AF6102772C100FCCD01 /* Frameworks */ = {
			isa = PBXFrameworksBuildPhase;
			buildActionMask = 2147483647;
			files = (
			);
			runOnlyForDeploymentPostprocessing = 0;
		};
		2F5422A9100316B500DBCDF0 /* Frameworks */ = {
			isa = PBXFrameworksBuildPhase;
			buildActionMask = 2147483647;
			files = (
			);
			runOnlyForDeploymentPostprocessing = 0;
		};
		2F5422BE100318DB00DBCDF0 /* Frameworks */ = {
			isa = PBXFrameworksBuildPhase;
			buildActionMask = 2147483647;
			files = (
			);
			runOnlyForDeploymentPostprocessing = 0;
		};
		32D94FCB0562CBF700B6AF17 /* Frameworks */ = {
			isa = PBXFrameworksBuildPhase;
			buildActionMask = 2147483647;
			files = (
			);
			runOnlyForDeploymentPostprocessing = 0;
		};
/* End PBXFrameworksBuildPhase section */

/* Begin PBXGroup section */
		089C166AFE841209C02AAC07 /* VoodooWireless */ = {
			isa = PBXGroup;
			children = (
				247142CAFF3F8F9811CA285C /* Source */,
				8DA8362C06AD9B9200E5AC22 /* Kernel.framework */,
				089C167CFE841241C02AAC07 /* Resources */,
				19C28FB6FE9D52B211CA2CBB /* Products */,
				2F5422AC100316B500DBCDF0 /* VoodooWirelessCipher_WEP-Info.plist */,
				2F5422C1100318DB00DBCDF0 /* VoodooWirelessCipher-Info.plist */,
				2F052AF9102772C100FCCD01 /* VoodooWirelessFramework-Info.plist */,
			);
			name = VoodooWireless;
			sourceTree = "<group>";
		};
		089C167CFE841241C02AAC07 /* Resources */ = {
			isa = PBXGroup;
			children = (
				32D94FCF0562CBF700B6AF17 /* Info.plist */,
				089C167DFE841241C02AAC07 /* InfoPlist.strings */,
			);
			name = Resources;
			sourceTree = "<group>";
		};
		19C28FB6FE9D52B211CA2CBB /* Products */ = {
			isa = PBXGroup;
			children = (
				2F5422AB100316B500DBCDF0 /* VoodooWirelessCipher_WEP.kext */,
				32D94FD00562CBF700B6AF17 /* VoodooWireless.kext */,
				2F5422C0100318DB00DBCDF0 /* VoodooWirelessCipher.kext */,
				2F052AF8102772C100FCCD01 /* VoodooWireless.framework */,
			);
			name = Products;
			sourceTree = "<group>";
		};
		247142CAFF3F8F9811CA285C /* Source */ = {
			isa = PBXGroup;
			children = (
				2FDA7F5D101DAA2E00DD932C /* VoodooWireless */,
				2F5422B01003173400DBCDF0 /* Ciphers */,
			);
			name = Source;
			sourceTree = "<group>";
		};
		2F5422B01003173400DBCDF0 /* Ciphers */ = {
			isa = PBXGroup;
			children = (
				2F5422C51003195700DBCDF0 /* VoodooWirelessCipher.h */,
				2F5422C61003196C00DBCDF0 /* VoodooWirelessCipher.cpp */,
				2F5422B11003174E00DBCDF0 /* VoodooWirelessCipher_WEP.h */,
				2F5422B21003174E00DBCDF0 /* VoodooWirelessCipher_WEP.cpp */,
			);
			name = Ciphers;
			sourceTree = "<group>";
		};
		2FDA7F5D101DAA2E00DD932C /* VoodooWireless */ = {
			isa = PBXGroup;
			children = (
				2F03D7DA0FE563CC003B961E /* VoodooWirelessFamily.h */,
				2F241B110FE251E20066F582 /* VoodooWirelessDevice.h */,
				2F241B120FE251E20066F582 /* VoodooWirelessDevice.cpp */,
				2F39E68C0FE804B500051839 /* VoodooWirelessDevice_Types.h */,
				2F03D70D0FE5213E003B961E /* VoodooIEEE80211.h */,
				2F03D70E0FE5213E003B961E /* VoodooIEEE80211.cpp */,
				2F39E5270FE7CEC500051839 /* VoodooIEEE80211_Types.h */,
				2F06F19A101F2A7300B4D15F /* VoodooWirelessCommand.h */,
				2F052FF4102845A100FCCD01 /* VoodooWirelessCommand.cpp */,
			);
			name = VoodooWireless;
			sourceTree = "<group>";
		};
/* End PBXGroup section */

/* Begin PBXHeadersBuildPhase section */
		2F052AF3102772C100FCCD01 /* Headers */ = {
			isa = PBXHeadersBuildPhase;
			buildActionMask = 2147483647;
			files = (
				2F052F081027737000FCCD01 /* VoodooWirelessFamily.h in Headers */,
				2F052F091027737E00FCCD01 /* VoodooWirelessDevice.h in Headers */,
				2F052F0A1027737E00FCCD01 /* VoodooWirelessDevice_Types.h in Headers */,
				2F052F0B1027737E00FCCD01 /* VoodooIEEE80211.h in Headers */,
				2F052F0C1027737E00FCCD01 /* VoodooIEEE80211_Types.h in Headers */,
				2F052F0D1027738500FCCD01 /* VoodooWirelessCipher.h in Headers */,
			);
			runOnlyForDeploymentPostprocessing = 0;
		};
		32D94FC50562CBF700B6AF17 /* Headers */ = {
			isa = PBXHeadersBuildPhase;
			buildActionMask = 2147483647;
			files = (
				2F241B130FE251E20066F582 /* VoodooWirelessDevice.h in Headers */,
				2FDA7F5A101DAA1300DD932C /* VoodooIEEE80211.h in Headers */,
				2FDA7F5C101DAA1D00DD932C /* VoodooIEEE80211_Types.h in Headers */,
				2F06F19C101F2A7300B4D15F /* VoodooWirelessCommand.h in Headers */,
			);
			runOnlyForDeploymentPostprocessing = 0;
		};
/* End PBXHeadersBuildPhase section */

/* Begin PBXNativeTarget section */
		2F052AF7102772C100FCCD01 /* VoodooWirelessFramework */ = {
			isa = PBXNativeTarget;
			buildConfigurationList = 2F052AFC102772C200FCCD01 /* Build configuration list for PBXNativeTarget "VoodooWirelessFramework" */;
			buildPhases = (
				2F052AF3102772C100FCCD01 /* Headers */,
				2F052AF4102772C100FCCD01 /* Resources */,
				2F052AF5102772C100FCCD01 /* Sources */,
				2F052AF6102772C100FCCD01 /* Frameworks */,
			);
			buildRules = (
			);
			dependencies = (
			);
			name = VoodooWirelessFramework;
			productName = VoodooWirelessFramework;
			productReference = 2F052AF8102772C100FCCD01 /* VoodooWireless.framework */;
			productType = "com.apple.product-type.framework";
		};
		2F5422AA100316B500DBCDF0 /* VoodooWirelessCipher_WEP */ = {
			isa = PBXNativeTarget;
			buildConfigurationList = 2F5422AF100316B600DBCDF0 /* Build configuration list for PBXNativeTarget "VoodooWirelessCipher_WEP" */;
			buildPhases = (
				2F5422A7100316B500DBCDF0 /* Sources */,
				2F5422A8100316B500DBCDF0 /* Resources */,
				2F5422A9100316B500DBCDF0 /* Frameworks */,
			);
			buildRules = (
			);
			dependencies = (
			);
			name = VoodooWirelessCipher_WEP;
			productName = VoodooWirelessCipher_WEP;
			productReference = 2F5422AB100316B500DBCDF0 /* VoodooWirelessCipher_WEP.kext */;
			productType = "com.apple.product-type.kernel-extension.iokit";
		};
		2F5422BF100318DB00DBCDF0 /* VoodooWirelessCipher */ = {
			isa = PBXNativeTarget;
			buildConfigurationList = 2F5422C4100318DC00DBCDF0 /* Build configuration list for PBXNativeTarget "VoodooWirelessCipher" */;
			buildPhases = (
				2F5422BC100318DB00DBCDF0 /* Sources */,
				2F5422BD100318DB00DBCDF0 /* Resources */,
				2F5422BE100318DB00DBCDF0 /* Frameworks */,
				2FF0881610043A4B006BE48B /* CopyFiles */,
			);
			buildRules = (
			);
			dependencies = (
			);
			name = VoodooWirelessCipher;
			productName = VoodooWirelessCipher;
			productReference = 2F5422C0100318DB00DBCDF0 /* VoodooWirelessCipher.kext */;
			productType = "com.apple.product-type.kernel-extension.iokit";
		};
		32D94FC30562CBF700B6AF17 /* VoodooWireless */ = {
			isa = PBXNativeTarget;
			buildConfigurationList = 1DEB91D908733DB10010E9CD /* Build configuration list for PBXNativeTarget "VoodooWireless" */;
			buildPhases = (
				32D94FC50562CBF700B6AF17 /* Headers */,
				32D94FC70562CBF700B6AF17 /* Resources */,
				32D94FC90562CBF700B6AF17 /* Sources */,
				32D94FCB0562CBF700B6AF17 /* Frameworks */,
				32D94FCC0562CBF700B6AF17 /* Rez */,
			);
			buildRules = (
			);
			dependencies = (
			);
			name = VoodooWireless;
			productInstallPath = "$(SYSTEM_LIBRARY_DIR)/Extensions";
			productName = VoodooWireless;
			productReference = 32D94FD00562CBF700B6AF17 /* VoodooWireless.kext */;
			productType = "com.apple.product-type.kernel-extension.iokit";
		};
/* End PBXNativeTarget section */

/* Begin PBXProject section */
		089C1669FE841209C02AAC07 /* Project object */ = {
			isa = PBXProject;
			buildConfigurationList = 1DEB91DD08733DB10010E9CD /* Build configuration list for PBXProject "VoodooWireless" */;
			compatibilityVersion = "Xcode 3.1";
			hasScannedForEncodings = 1;
			mainGroup = 089C166AFE841209C02AAC07 /* VoodooWireless */;
			projectDirPath = "";
			projectRoot = "";
			targets = (
				32D94FC30562CBF700B6AF17 /* VoodooWireless */,
				2F5422AA100316B500DBCDF0 /* VoodooWirelessCipher_WEP */,
				2F5422BF100318DB00DBCDF0 /* VoodooWirelessCipher */,
				2F052AF7102772C100FCCD01 /* VoodooWirelessFramework */,
			);
		};
/* End PBXProject section */

/* Begin PBXResourcesBuildPhase section */
		2F052AF4102772C100FCCD01 /* Resources */ = {
			isa = PBXResourcesBuildPhase;
			buildActionMask = 2147483647;
			files = (
			);
			runOnlyForDeploymentPostprocessing = 0;
		};
		2F5422A8100316B500DBCDF0 /* Resources */ = {
			isa = PBXResourcesBuildPhase;
			buildActionMask = 2147483647;
			files = (
			);
			runOnlyForDeploymentPostprocessing = 0;
		};
		2F5422BD100318DB00DBCDF0 /* Resources */ = {
			isa = PBXResourcesBuildPhase;
			buildActionMask = 2147483647;
			files = (
			);
			runOnlyForDeploymentPostprocessing = 0;
		};
		32D94FC70562CBF700B6AF17 /* Resources */ = {
			isa = PBXResourcesBuildPhase;
			buildActionMask = 2147483647;
			files = (
				32D94FC80562CBF700B6AF17 /* InfoPlist.strings in Resources */,
			);
			runOnlyForDeploymentPostprocessing = 0;
		};
/* End PBXResourcesBuildPhase section */

/* Begin PBXRezBuildPhase section */
		32D94FCC0562CBF700B6AF17 /* Rez */ = {
			isa = PBXRezBuildPhase;
			buildActionMask = 2147483647;
			files = (
			);
			runOnlyForDeploymentPostprocessing = 0;
		};
/* End PBXRezBuildPhase section */

/* Begin PBXSourcesBuildPhase section */
		2F052AF5102772C100FCCD01 /* Sources */ = {
			isa = PBXSourcesBuildPhase;
			buildActionMask = 2147483647;
			files = (
			);
			runOnlyForDeploymentPostprocessing = 0;
		};
		2F5422A7100316B500DBCDF0 /* Sources */ = {
			isa = PBXSourcesBuildPhase;
			buildActionMask = 2147483647;
			files = (
				2F5422B31003174E00DBCDF0 /* VoodooWirelessCipher_WEP.cpp in Sources */,
			);
			runOnlyForDeploymentPostprocessing = 0;
		};
		2F5422BC100318DB00DBCDF0 /* Sources */ = {
			isa = PBXSourcesBuildPhase;
			buildActionMask = 2147483647;
			files = (
				2F5422C71003196C00DBCDF0 /* VoodooWirelessCipher.cpp in Sources */,
			);
			runOnlyForDeploymentPostprocessing = 0;
		};
		32D94FC90562CBF700B6AF17 /* Sources */ = {
			isa = PBXSourcesBuildPhase;
			buildActionMask = 2147483647;
			files = (
				2F241B140FE251E20066F582 /* VoodooWirelessDevice.cpp in Sources */,
				2FDA7F5B101DAA1800DD932C /* VoodooIEEE80211.cpp in Sources */,
				2F052FF5102845A100FCCD01 /* VoodooWirelessCommand.cpp in Sources */,
			);
			runOnlyForDeploymentPostprocessing = 0;
		};
/* End PBXSourcesBuildPhase section */

/* Begin PBXVariantGroup section */
		089C167DFE841241C02AAC07 /* InfoPlist.strings */ = {
			isa = PBXVariantGroup;
			children = (
				089C167EFE841241C02AAC07 /* English */,
			);
			name = InfoPlist.strings;
			sourceTree = "<group>";
		};
/* End PBXVariantGroup section */

/* Begin XCBuildConfiguration section */
		1DEB91DA08733DB10010E9CD /* Debug */ = {
			isa = XCBuildConfiguration;
			buildSettings = {
				ALWAYS_SEARCH_USER_PATHS = NO;
				COPY_PHASE_STRIP = NO;
				CURRENT_PROJECT_VERSION = 1.0.2;
				GCC_DYNAMIC_NO_PIC = NO;
				GCC_MODEL_TUNING = G5;
				GCC_OPTIMIZATION_LEVEL = 0;
				INFOPLIST_FILE = Info.plist;
				INFOPLIST_PREPROCESS = YES;
				INSTALL_PATH = "$(SYSTEM_LIBRARY_DIR)/Extensions";
				MODULE_NAME = org.voodoo.wireless;
				MODULE_VERSION = 1.0.2;
				PRODUCT_NAME = VoodooWireless;
				WRAPPER_EXTENSION = kext;
			};
			name = Debug;
		};
		1DEB91DB08733DB10010E9CD /* Release */ = {
			isa = XCBuildConfiguration;
			buildSettings = {
				ALWAYS_SEARCH_USER_PATHS = NO;
				CURRENT_PROJECT_VERSION = 1.0.2;
				DEBUG_INFORMATION_FORMAT = "dwarf-with-dsym";
				GCC_MODEL_TUNING = G5;
				INFOPLIST_FILE = Info.plist;
				INFOPLIST_PREPROCESS = YES;
				INSTALL_PATH = "$(SYSTEM_LIBRARY_DIR)/Extensions";
				MODULE_NAME = org.voodoo.wireless;
				MODULE_VERSION = 1.0.2;
				PRODUCT_NAME = VoodooWireless;
				WRAPPER_EXTENSION = kext;
			};
			name = Release;
		};
		1DEB91DE08733DB10010E9CD /* Debug */ = {
			isa = XCBuildConfiguration;
			buildSettings = {
				ARCHS = "$(ARCHS_STANDARD_32_BIT)";
				GCC_C_LANGUAGE_STANDARD = c99;
				GCC_OPTIMIZATION_LEVEL = 0;
				GCC_WARN_ABOUT_RETURN_TYPE = YES;
				GCC_WARN_UNUSED_VARIABLE = YES;
				ONLY_ACTIVE_ARCH = YES;
				PREBINDING = NO;
				SDKROOT = macosx10.5;
			};
			name = Debug;
		};
		1DEB91DF08733DB10010E9CD /* Release */ = {
			isa = XCBuildConfiguration;
			buildSettings = {
				ARCHS = "$(ARCHS_STANDARD_32_BIT)";
				GCC_C_LANGUAGE_STANDARD = c99;
				GCC_WARN_ABOUT_RETURN_TYPE = YES;
				GCC_WARN_UNUSED_VARIABLE = YES;
				PREBINDING = NO;
				SDKROOT = macosx10.5;
			};
			name = Release;
		};
		2F052AFA102772C200FCCD01 /* Debug */ = {
			isa = XCBuildConfiguration;
			buildSettings = {
				ALWAYS_SEARCH_USER_PATHS = NO;
				COPY_PHASE_STRIP = NO;
				DYLIB_COMPATIBILITY_VERSION = 1;
				DYLIB_CURRENT_VERSION = 1;
				FRAMEWORK_VERSION = A;
				GCC_DYNAMIC_NO_PIC = NO;
				GCC_ENABLE_FIX_AND_CONTINUE = YES;
				GCC_MODEL_TUNING = G5;
				GCC_OPTIMIZATION_LEVEL = 0;
				GCC_PRECOMPILE_PREFIX_HEADER = YES;
				GCC_PREFIX_HEADER = "$(SYSTEM_LIBRARY_DIR)/Frameworks/Carbon.framework/Headers/Carbon.h";
				INFOPLIST_FILE = "VoodooWirelessFramework-Info.plist";
				INSTALL_PATH = "$(HOME)/Library/Frameworks";
				OTHER_LDFLAGS = "";
				PREBINDING = NO;
				PRODUCT_NAME = VoodooWireless;
			};
			name = Debug;
		};
		2F052AFB102772C200FCCD01 /* Release */ = {
			isa = XCBuildConfiguration;
			buildSettings = {
				ALWAYS_SEARCH_USER_PATHS = NO;
				COPY_PHASE_STRIP = YES;
				DEBUG_INFORMATION_FORMAT = "dwarf-with-dsym";
				DYLIB_COMPATIBILITY_VERSION = 1;
				DYLIB_CURRENT_VERSION = 1;
				FRAMEWORK_VERSION = A;
				GCC_ENABLE_FIX_AND_CONTINUE = NO;
				GCC_MODEL_TUNING = G5;
				GCC_PRECOMPILE_PREFIX_HEADER = YES;
				GCC_PREFIX_HEADER = "$(SYSTEM_LIBRARY_DIR)/Frameworks/Carbon.framework/Headers/Carbon.h";
				INFOPLIST_FILE = "VoodooWirelessFramework-Info.plist";
				INSTALL_PATH = "$(HOME)/Library/Frameworks";
				OTHER_LDFLAGS = "";
				PREBINDING = NO;
				PRODUCT_NAME = VoodooWireless;
				ZERO_LINK = NO;
			};
			name = Release;
		};
		2F5422AD100316B600DBCDF0 /* Debug */ = {
			isa = XCBuildConfiguration;
			buildSettings = {
				ALWAYS_SEARCH_USER_PATHS = NO;
				COPY_PHASE_STRIP = NO;
				GCC_DYNAMIC_NO_PIC = NO;
				GCC_ENABLE_FIX_AND_CONTINUE = NO;
				GCC_MODEL_TUNING = G5;
				GCC_OPTIMIZATION_LEVEL = 0;
				INFOPLIST_FILE = "VoodooWirelessCipher_WEP-Info.plist";
				INSTALL_PATH = "$(SYSTEM_LIBRARY_DIR)/Extensions";
				MODULE_NAME = org.voodoo.wireless.cipher.WEP;
				MODULE_VERSION = 0.1;
				PREBINDING = NO;
				PRODUCT_NAME = VoodooWirelessCipher_WEP;
				WRAPPER_EXTENSION = kext;
			};
			name = Debug;
		};
		2F5422AE100316B600DBCDF0 /* Release */ = {
			isa = XCBuildConfiguration;
			buildSettings = {
				ALWAYS_SEARCH_USER_PATHS = NO;
				COPY_PHASE_STRIP = YES;
				DEBUG_INFORMATION_FORMAT = "dwarf-with-dsym";
				GCC_ENABLE_FIX_AND_CONTINUE = NO;
				GCC_MODEL_TUNING = G5;
				INFOPLIST_FILE = "VoodooWirelessCipher_WEP-Info.plist";
				INSTALL_PATH = "$(SYSTEM_LIBRARY_DIR)/Extensions";
				MODULE_NAME = org.voodoo.wireless.cipher.WEP;
				MODULE_VERSION = 0.1;
				PREBINDING = NO;
				PRODUCT_NAME = VoodooWirelessCipher_WEP;
				WRAPPER_EXTENSION = kext;
				ZERO_LINK = NO;
			};
			name = Release;
		};
		2F5422C2100318DC00DBCDF0 /* Debug */ = {
			isa = XCBuildConfiguration;
			buildSettings = {
				ALWAYS_SEARCH_USER_PATHS = NO;
				COPY_PHASE_STRIP = NO;
				GCC_DYNAMIC_NO_PIC = NO;
				GCC_ENABLE_FIX_AND_CONTINUE = NO;
				GCC_MODEL_TUNING = G5;
				GCC_OPTIMIZATION_LEVEL = 0;
				INFOPLIST_FILE = "VoodooWirelessCipher-Info.plist";
				INSTALL_PATH = "$(SYSTEM_LIBRARY_DIR)/Extensions";
				MODULE_NAME = org.voodoo.wireless.Cipher;
				MODULE_VERSION = 1.0;
				PREBINDING = NO;
				PRODUCT_NAME = VoodooWirelessCipher;
				WRAPPER_EXTENSION = kext;
			};
			name = Debug;
		};
		2F5422C3100318DC00DBCDF0 /* Release */ = {
			isa = XCBuildConfiguration;
			buildSettings = {
				ALWAYS_SEARCH_USER_PATHS = NO;
				COPY_PHASE_STRIP = YES;
				DEBUG_INFORMATION_FORMAT = "dwarf-with-dsym";
				GCC_ENABLE_FIX_AND_CONTINUE = NO;
				GCC_MODEL_TUNING = G5;
				INFOPLIST_FILE = "VoodooWirelessCipher-Info.plist";
				INSTALL_PATH = "$(SYSTEM_LIBRARY_DIR)/Extensions";
				MODULE_NAME = org.voodoo.wireless.Cipher;
				MODULE_VERSION = 1.0;
				PREBINDING = NO;
				PRODUCT_NAME = VoodooWirelessCipher;
				WRAPPER_EXTENSION = kext;
				ZERO_LINK = NO;
			};
			name = Release;
		};
/* End XCBuildConfiguration section */

/* Begin XCConfigurationList section */
		1DEB91D908733DB10010E9CD /* Build configuration list for PBXNativeTarget "VoodooWireless" */ = {
			isa = XCConfigurationList;
			buildConfigurations = (
				1DEB91DA08733DB10010E9CD /* Debug */,
				1DEB91DB08733DB10010E9CD /* Release */,
			);
			defaultConfigurationIsVisible = 0;
			defaultConfigurationName = Release;
		};
		1DEB91DD08733DB10010E9CD /* Build configuration list for PBXProject "VoodooWireless" */ = {
			isa = XCConfigurationList;
			buildConfigurations = (
				1DEB91DE08733DB10010E9CD /* Debug */,
				1DEB91DF08733DB10010E9CD /* Release */,
			);
			defaultConfigurationIsVisible = 0;
			defaultConfigurationName = Release;
		};
		2F052AFC102772C200FCCD01 /* Build configuration list for PBXNativeTarget "VoodooWirelessFramework" */ = {
			isa = XCConfigurationList;
			buildConfigurations = (
				2F052AFA102772C200FCCD01 /* Debug */,
				2F052AFB102772C200FCCD01 /* Release */,
			);
			defaultConfigurationIsVisible = 0;
			defaultConfigurationName = Release;
		};
		2F5422AF100316B600DBCDF0 /* Build configuration list for PBXNativeTarget "VoodooWirelessCipher_WEP" */ = {
			isa = XCConfigurationList;
			buildConfigurations = (
				2F5422AD100316B600DBCDF0 /* Debug */,
				2F5422AE100316B600DBCDF0 /* Release */,
			);
			defaultConfigurationIsVisible = 0;
			defaultConfigurationName = Release;
		};
		2F5422C4100318DC00DBCDF0 /* Build configuration list for PBXNativeTarget "VoodooWirelessCipher" */ = {
			isa = XCConfigurationList;
			buildConfigurations = (
				2F5422C2100318DC00DBCDF0 /* Debug */,
				2F5422C3100318DC00DBCDF0 /* Release */,
			);
			defaultConfigurationIsVisible = 0;
			defaultConfigurationName = Release;
		};
/* End XCConfigurationList section */
	};
	rootObject = 089C1669FE841209C02AAC07 /* Project object */;
}
